
Microsoft Visual Studio Solution File, Format Version 12.00
# Visual Studio 15
VisualStudioVersion = 15.0.26228.9
MinimumVisualStudioVersion = 10.0.40219.1
Project("{2150E333-8FDC-42A3-9474-1A3956D46DE8}") = "Installer", "Installer", "{51E4D965-841A-4EC3-8DE0-6F5B0B87D9B9}"
EndProject
Project("{2150E333-8FDC-42A3-9474-1A3956D46DE8}") = "Template10.Templates", "Template10.Templates", "{C12038C9-F55B-47CC-A87A-CBE358F4E63F}"
EndProject
Project("{FAE04EC0-301F-11D3-BF4B-00C04F79EFBC}") = "Minimal", "Templates (Project)\Minimal\Minimal.csproj", "{9A82F6E0-3AC8-440C-AA37-714920D8FB85}"
EndProject
Project("{FAE04EC0-301F-11D3-BF4B-00C04F79EFBC}") = "Blank", "Templates (Project)\Blank\Blank.csproj", "{AF358EF5-8E5F-495D-B9E4-7FF123089AAA}"
EndProject
Project("{FAE04EC0-301F-11D3-BF4B-00C04F79EFBC}") = "Template10.MSBUILD", "Template10 (Installer)\Template10.MSBUILD\Template10.MSBUILD.csproj", "{3D60A698-A7DD-40C9-A5E8-8E7DB85E220A}"
EndProject
Project("{FAE04EC0-301F-11D3-BF4B-00C04F79EFBC}") = "Hamburger", "Templates (Project)\Hamburger\Hamburger.csproj", "{6E068955-A693-4E4E-8852-C270447B4053}"
EndProject
Project("{FAE04EC0-301F-11D3-BF4B-00C04F79EFBC}") = "Template10.VSIX (Template Pack)", "Template10 (Installer)\Template10.VSIX (Template Pack)\Template10.VSIX (Template Pack).csproj", "{FD63EF06-F97C-4113-B5AC-2A4D7DBEA6EB}"
EndProject
Global
	GlobalSection(SolutionConfigurationPlatforms) = preSolution
		Debug|Any CPU = Debug|Any CPU
		Debug|ARM = Debug|ARM
		Debug|x64 = Debug|x64
		Debug|x86 = Debug|x86
		Release|Any CPU = Release|Any CPU
		Release|ARM = Release|ARM
		Release|x64 = Release|x64
		Release|x86 = Release|x86
	EndGlobalSection
	GlobalSection(ProjectConfigurationPlatforms) = postSolution
		{9A82F6E0-3AC8-440C-AA37-714920D8FB85}.Debug|Any CPU.ActiveCfg = Debug|x86
		{9A82F6E0-3AC8-440C-AA37-714920D8FB85}.Debug|Any CPU.Build.0 = Debug|x86
		{9A82F6E0-3AC8-440C-AA37-714920D8FB85}.Debug|Any CPU.Deploy.0 = Debug|x86
		{9A82F6E0-3AC8-440C-AA37-714920D8FB85}.Debug|ARM.ActiveCfg = Debug|ARM
		{9A82F6E0-3AC8-440C-AA37-714920D8FB85}.Debug|ARM.Build.0 = Debug|ARM
		{9A82F6E0-3AC8-440C-AA37-714920D8FB85}.Debug|ARM.Deploy.0 = Debug|ARM
		{9A82F6E0-3AC8-440C-AA37-714920D8FB85}.Debug|x64.ActiveCfg = Debug|x64
		{9A82F6E0-3AC8-440C-AA37-714920D8FB85}.Debug|x64.Build.0 = Debug|x64
		{9A82F6E0-3AC8-440C-AA37-714920D8FB85}.Debug|x64.Deploy.0 = Debug|x64
		{9A82F6E0-3AC8-440C-AA37-714920D8FB85}.Debug|x86.ActiveCfg = Debug|x86
		{9A82F6E0-3AC8-440C-AA37-714920D8FB85}.Debug|x86.Build.0 = Debug|x86
		{9A82F6E0-3AC8-440C-AA37-714920D8FB85}.Debug|x86.Deploy.0 = Debug|x86
		{9A82F6E0-3AC8-440C-AA37-714920D8FB85}.Release|Any CPU.ActiveCfg = Release|x86
		{9A82F6E0-3AC8-440C-AA37-714920D8FB85}.Release|Any CPU.Build.0 = Release|x86
		{9A82F6E0-3AC8-440C-AA37-714920D8FB85}.Release|Any CPU.Deploy.0 = Release|x86
		{9A82F6E0-3AC8-440C-AA37-714920D8FB85}.Release|ARM.ActiveCfg = Release|ARM
		{9A82F6E0-3AC8-440C-AA37-714920D8FB85}.Release|ARM.Build.0 = Release|ARM
		{9A82F6E0-3AC8-440C-AA37-714920D8FB85}.Release|ARM.Deploy.0 = Release|ARM
		{9A82F6E0-3AC8-440C-AA37-714920D8FB85}.Release|x64.ActiveCfg = Release|x64
		{9A82F6E0-3AC8-440C-AA37-714920D8FB85}.Release|x64.Build.0 = Release|x64
		{9A82F6E0-3AC8-440C-AA37-714920D8FB85}.Release|x64.Deploy.0 = Release|x64
		{9A82F6E0-3AC8-440C-AA37-714920D8FB85}.Release|x86.ActiveCfg = Release|x86
		{9A82F6E0-3AC8-440C-AA37-714920D8FB85}.Release|x86.Build.0 = Release|x86
		{9A82F6E0-3AC8-440C-AA37-714920D8FB85}.Release|x86.Deploy.0 = Release|x86
		{AF358EF5-8E5F-495D-B9E4-7FF123089AAA}.Debug|Any CPU.ActiveCfg = Debug|x86
		{AF358EF5-8E5F-495D-B9E4-7FF123089AAA}.Debug|ARM.ActiveCfg = Debug|ARM
		{AF358EF5-8E5F-495D-B9E4-7FF123089AAA}.Debug|ARM.Build.0 = Debug|ARM
		{AF358EF5-8E5F-495D-B9E4-7FF123089AAA}.Debug|ARM.Deploy.0 = Debug|ARM
		{AF358EF5-8E5F-495D-B9E4-7FF123089AAA}.Debug|x64.ActiveCfg = Debug|x64
		{AF358EF5-8E5F-495D-B9E4-7FF123089AAA}.Debug|x64.Build.0 = Debug|x64
		{AF358EF5-8E5F-495D-B9E4-7FF123089AAA}.Debug|x64.Deploy.0 = Debug|x64
		{AF358EF5-8E5F-495D-B9E4-7FF123089AAA}.Debug|x86.ActiveCfg = Debug|x86
		{AF358EF5-8E5F-495D-B9E4-7FF123089AAA}.Release|Any CPU.ActiveCfg = Release|x86
		{AF358EF5-8E5F-495D-B9E4-7FF123089AAA}.Release|Any CPU.Build.0 = Release|x86
		{AF358EF5-8E5F-495D-B9E4-7FF123089AAA}.Release|Any CPU.Deploy.0 = Release|x86
		{AF358EF5-8E5F-495D-B9E4-7FF123089AAA}.Release|ARM.ActiveCfg = Release|ARM
		{AF358EF5-8E5F-495D-B9E4-7FF123089AAA}.Release|ARM.Build.0 = Release|ARM
		{AF358EF5-8E5F-495D-B9E4-7FF123089AAA}.Release|ARM.Deploy.0 = Release|ARM
		{AF358EF5-8E5F-495D-B9E4-7FF123089AAA}.Release|x64.ActiveCfg = Release|x64
		{AF358EF5-8E5F-495D-B9E4-7FF123089AAA}.Release|x64.Build.0 = Release|x64
		{AF358EF5-8E5F-495D-B9E4-7FF123089AAA}.Release|x64.Deploy.0 = Release|x64
		{AF358EF5-8E5F-495D-B9E4-7FF123089AAA}.Release|x86.ActiveCfg = Release|x86
		{AF358EF5-8E5F-495D-B9E4-7FF123089AAA}.Release|x86.Build.0 = Release|x86
		{AF358EF5-8E5F-495D-B9E4-7FF123089AAA}.Release|x86.Deploy.0 = Release|x86
		{3D60A698-A7DD-40C9-A5E8-8E7DB85E220A}.Debug|Any CPU.ActiveCfg = Debug|Any CPU
		{3D60A698-A7DD-40C9-A5E8-8E7DB85E220A}.Debug|Any CPU.Build.0 = Debug|Any CPU
		{3D60A698-A7DD-40C9-A5E8-8E7DB85E220A}.Debug|ARM.ActiveCfg = Debug|Any CPU
		{3D60A698-A7DD-40C9-A5E8-8E7DB85E220A}.Debug|ARM.Build.0 = Debug|Any CPU
		{3D60A698-A7DD-40C9-A5E8-8E7DB85E220A}.Debug|x64.ActiveCfg = Debug|Any CPU
		{3D60A698-A7DD-40C9-A5E8-8E7DB85E220A}.Debug|x64.Build.0 = Debug|Any CPU
		{3D60A698-A7DD-40C9-A5E8-8E7DB85E220A}.Debug|x86.ActiveCfg = Debug|Any CPU
		{3D60A698-A7DD-40C9-A5E8-8E7DB85E220A}.Release|Any CPU.ActiveCfg = Release|Any CPU
		{3D60A698-A7DD-40C9-A5E8-8E7DB85E220A}.Release|Any CPU.Build.0 = Release|Any CPU
		{3D60A698-A7DD-40C9-A5E8-8E7DB85E220A}.Release|ARM.ActiveCfg = Release|Any CPU
		{3D60A698-A7DD-40C9-A5E8-8E7DB85E220A}.Release|ARM.Build.0 = Release|Any CPU
		{3D60A698-A7DD-40C9-A5E8-8E7DB85E220A}.Release|x64.ActiveCfg = Release|Any CPU
		{3D60A698-A7DD-40C9-A5E8-8E7DB85E220A}.Release|x64.Build.0 = Release|Any CPU
		{3D60A698-A7DD-40C9-A5E8-8E7DB85E220A}.Release|x86.ActiveCfg = Release|Any CPU
		{3D60A698-A7DD-40C9-A5E8-8E7DB85E220A}.Release|x86.Build.0 = Release|Any CPU
		{6E068955-A693-4E4E-8852-C270447B4053}.Debug|Any CPU.ActiveCfg = Debug|x86
		{6E068955-A693-4E4E-8852-C270447B4053}.Debug|Any CPU.Build.0 = Debug|x86
		{6E068955-A693-4E4E-8852-C270447B4053}.Debug|Any CPU.Deploy.0 = Debug|x86
		{6E068955-A693-4E4E-8852-C270447B4053}.Debug|ARM.ActiveCfg = Debug|ARM
		{6E068955-A693-4E4E-8852-C270447B4053}.Debug|ARM.Build.0 = Debug|ARM
		{6E068955-A693-4E4E-8852-C270447B4053}.Debug|ARM.Deploy.0 = Debug|ARM
		{6E068955-A693-4E4E-8852-C270447B4053}.Debug|x64.ActiveCfg = Debug|x64
		{6E068955-A693-4E4E-8852-C270447B4053}.Debug|x64.Build.0 = Debug|x64
		{6E068955-A693-4E4E-8852-C270447B4053}.Debug|x64.Deploy.0 = Debug|x64
		{6E068955-A693-4E4E-8852-C270447B4053}.Debug|x86.ActiveCfg = Debug|x86
		{6E068955-A693-4E4E-8852-C270447B4053}.Debug|x86.Build.0 = Debug|x86
		{6E068955-A693-4E4E-8852-C270447B4053}.Debug|x86.Deploy.0 = Debug|x86
		{6E068955-A693-4E4E-8852-C270447B4053}.Release|Any CPU.ActiveCfg = Release|x86
		{6E068955-A693-4E4E-8852-C270447B4053}.Release|Any CPU.Build.0 = Release|x86
		{6E068955-A693-4E4E-8852-C270447B4053}.Release|Any CPU.Deploy.0 = Release|x86
		{6E068955-A693-4E4E-8852-C270447B4053}.Release|ARM.ActiveCfg = Release|ARM
		{6E068955-A693-4E4E-8852-C270447B4053}.Release|ARM.Build.0 = Release|ARM
		{6E068955-A693-4E4E-8852-C270447B4053}.Release|ARM.Deploy.0 = Release|ARM
		{6E068955-A693-4E4E-8852-C270447B4053}.Release|x64.ActiveCfg = Release|x64
		{6E068955-A693-4E4E-8852-C270447B4053}.Release|x64.Build.0 = Release|x64
		{6E068955-A693-4E4E-8852-C270447B4053}.Release|x64.Deploy.0 = Release|x64
		{6E068955-A693-4E4E-8852-C270447B4053}.Release|x86.ActiveCfg = Release|x86
		{6E068955-A693-4E4E-8852-C270447B4053}.Release|x86.Build.0 = Release|x86
		{6E068955-A693-4E4E-8852-C270447B4053}.Release|x86.Deploy.0 = Release|x86
		{FD63EF06-F97C-4113-B5AC-2A4D7DBEA6EB}.Debug|Any CPU.ActiveCfg = Debug|Any CPU
		{FD63EF06-F97C-4113-B5AC-2A4D7DBEA6EB}.Debug|Any CPU.Build.0 = Debug|Any CPU
		{FD63EF06-F97C-4113-B5AC-2A4D7DBEA6EB}.Debug|ARM.ActiveCfg = Debug|Any CPU
		{FD63EF06-F97C-4113-B5AC-2A4D7DBEA6EB}.Debug|ARM.Build.0 = Debug|Any CPU
		{FD63EF06-F97C-4113-B5AC-2A4D7DBEA6EB}.Debug|x64.ActiveCfg = Debug|Any CPU
		{FD63EF06-F97C-4113-B5AC-2A4D7DBEA6EB}.Debug|x64.Build.0 = Debug|Any CPU
		{FD63EF06-F97C-4113-B5AC-2A4D7DBEA6EB}.Debug|x86.ActiveCfg = Debug|Any CPU
		{FD63EF06-F97C-4113-B5AC-2A4D7DBEA6EB}.Release|Any CPU.ActiveCfg = Release|Any CPU
		{FD63EF06-F97C-4113-B5AC-2A4D7DBEA6EB}.Release|Any CPU.Build.0 = Release|Any CPU
		{FD63EF06-F97C-4113-B5AC-2A4D7DBEA6EB}.Release|ARM.ActiveCfg = Release|Any CPU
		{FD63EF06-F97C-4113-B5AC-2A4D7DBEA6EB}.Release|ARM.Build.0 = Release|Any CPU
		{FD63EF06-F97C-4113-B5AC-2A4D7DBEA6EB}.Release|x64.ActiveCfg = Release|Any CPU
		{FD63EF06-F97C-4113-B5AC-2A4D7DBEA6EB}.Release|x64.Build.0 = Release|Any CPU
		{FD63EF06-F97C-4113-B5AC-2A4D7DBEA6EB}.Release|x86.ActiveCfg = Release|Any CPU
		{FD63EF06-F97C-4113-B5AC-2A4D7DBEA6EB}.Release|x86.Build.0 = Release|Any CPU
	EndGlobalSection
	GlobalSection(SolutionProperties) = preSolution
		HideSolutionNode = FALSE
	EndGlobalSection
	GlobalSection(NestedProjects) = preSolution
		{9A82F6E0-3AC8-440C-AA37-714920D8FB85} = {C12038C9-F55B-47CC-A87A-CBE358F4E63F}
		{AF358EF5-8E5F-495D-B9E4-7FF123089AAA} = {C12038C9-F55B-47CC-A87A-CBE358F4E63F}
		{3D60A698-A7DD-40C9-A5E8-8E7DB85E220A} = {51E4D965-841A-4EC3-8DE0-6F5B0B87D9B9}
		{6E068955-A693-4E4E-8852-C270447B4053} = {C12038C9-F55B-47CC-A87A-CBE358F4E63F}
		{FD63EF06-F97C-4113-B5AC-2A4D7DBEA6EB} = {51E4D965-841A-4EC3-8DE0-6F5B0B87D9B9}
	EndGlobalSection
EndGlobal
